// !$*UTF8*$!
{
	archiveVersion = 1;
	classes = {
	};
	objectVersion = 56;
	objects = {

/* Begin PBXBuildFile section */
		EE5D825829C440A80011CFA8 /* DeleteFromCacheUseCaseTests.swift in Sources */ = {isa = PBXBuildFile; fileRef = EE5D825729C440A80011CFA8 /* DeleteFromCacheUseCaseTests.swift */; };
		EE5D825C29C4E24B0011CFA8 /* WeightLogStoreSpecs.swift in Sources */ = {isa = PBXBuildFile; fileRef = EE5D825B29C4E24B0011CFA8 /* WeightLogStoreSpecs.swift */; };
		EE5D825F29C4E55E0011CFA8 /* XCTestCase+WeightLogStoreSpecs.swift in Sources */ = {isa = PBXBuildFile; fileRef = EE5D825E29C4E55E0011CFA8 /* XCTestCase+WeightLogStoreSpecs.swift */; };
		EE5D826129C4EC1A0011CFA8 /* XCTestCase+FailableRetrieveWeightLogStoreSpecs.swift in Sources */ = {isa = PBXBuildFile; fileRef = EE5D826029C4EC1A0011CFA8 /* XCTestCase+FailableRetrieveWeightLogStoreSpecs.swift */; };
		EE5D826329C4ECEC0011CFA8 /* XCTestCase+FailableSaveWeightLogStoreSpecs.swift in Sources */ = {isa = PBXBuildFile; fileRef = EE5D826229C4ECEC0011CFA8 /* XCTestCase+FailableSaveWeightLogStoreSpecs.swift */; };
		EE5D826529C4EE3D0011CFA8 /* XCTestCase+FailableDeleteWeightLogStoreSpecs.swift in Sources */ = {isa = PBXBuildFile; fileRef = EE5D826429C4EE3D0011CFA8 /* XCTestCase+FailableDeleteWeightLogStoreSpecs.swift */; };
		EE5D826829C4FB790011CFA8 /* CoreDataWeightLogStoreTests.swift in Sources */ = {isa = PBXBuildFile; fileRef = EE5D826729C4FB790011CFA8 /* CoreDataWeightLogStoreTests.swift */; };
		EE5D826A29C4FC0C0011CFA8 /* CoreDataWeightLogStore.swift in Sources */ = {isa = PBXBuildFile; fileRef = EE5D826929C4FC0C0011CFA8 /* CoreDataWeightLogStore.swift */; };
		EE5D826C29C4FC570011CFA8 /* CoreDataHelpers.swift in Sources */ = {isa = PBXBuildFile; fileRef = EE5D826B29C4FC570011CFA8 /* CoreDataHelpers.swift */; };
		EE5D826E29C4FC8C0011CFA8 /* ManagedCache.swift in Sources */ = {isa = PBXBuildFile; fileRef = EE5D826D29C4FC8C0011CFA8 /* ManagedCache.swift */; };
		EE5D827029C4FCCA0011CFA8 /* ManagedWeightItem.swift in Sources */ = {isa = PBXBuildFile; fileRef = EE5D826F29C4FCCA0011CFA8 /* ManagedWeightItem.swift */; };
		EE5D827329C4FEEF0011CFA8 /* WeightLogStore.xcdatamodeld in Sources */ = {isa = PBXBuildFile; fileRef = EE5D827129C4FEEF0011CFA8 /* WeightLogStore.xcdatamodeld */; };
		EE5D827529C518F40011CFA8 /* WeightCacheIntegrationTests.swift in Sources */ = {isa = PBXBuildFile; fileRef = EE5D827429C518F40011CFA8 /* WeightCacheIntegrationTests.swift */; };
		EE6816A629C54C3C0027160B /* WeightiOS.framework in Frameworks */ = {isa = PBXBuildFile; fileRef = EE68169E29C54C3C0027160B /* WeightiOS.framework */; };
		EE6816BD29C641110027160B /* UIViewController+Snapshot.swift in Sources */ = {isa = PBXBuildFile; fileRef = EE6816BC29C641110027160B /* UIViewController+Snapshot.swift */; };
		EE6816BF29C641200027160B /* XCTestCase+Snapshot.swift in Sources */ = {isa = PBXBuildFile; fileRef = EE6816BE29C641200027160B /* XCTestCase+Snapshot.swift */; };
		EE80229629C646FC0025437B /* SegmentedPickerViewSnapshotTests.swift in Sources */ = {isa = PBXBuildFile; fileRef = EE80229529C646FC0025437B /* SegmentedPickerViewSnapshotTests.swift */; };
		EE80229C29C64DEE0025437B /* TabHeaderViewSnapshotTests.swift in Sources */ = {isa = PBXBuildFile; fileRef = EE80229B29C64DEE0025437B /* TabHeaderViewSnapshotTests.swift */; };
		EEA95D4129C644C900A69B38 /* WeightInputView.swift in Sources */ = {isa = PBXBuildFile; fileRef = EEA95D4029C644C900A69B38 /* WeightInputView.swift */; };
		EED87D9B29C65E2F00EF98DF /* ProgressCardView.swift in Sources */ = {isa = PBXBuildFile; fileRef = EED87D9A29C65E2F00EF98DF /* ProgressCardView.swift */; };
		EED87D9E29C65F1100EF98DF /* ProgressCardViewSnapshotTests.swift in Sources */ = {isa = PBXBuildFile; fileRef = EED87D9D29C65F1100EF98DF /* ProgressCardViewSnapshotTests.swift */; };
		EED87DA329C65F8200EF98DF /* progress_card_dark.png in Resources */ = {isa = PBXBuildFile; fileRef = EED87DA029C65F8200EF98DF /* progress_card_dark.png */; };
		EED87DA429C65F8200EF98DF /* progress_card_light_extraExtraExtraLarge.png in Resources */ = {isa = PBXBuildFile; fileRef = EED87DA129C65F8200EF98DF /* progress_card_light_extraExtraExtraLarge.png */; };
		EED87DA529C65F8200EF98DF /* progress_card_light.png in Resources */ = {isa = PBXBuildFile; fileRef = EED87DA229C65F8200EF98DF /* progress_card_light.png */; };
		EED87DA729C6604D00EF98DF /* ActionButtonView.swift in Sources */ = {isa = PBXBuildFile; fileRef = EED87DA629C6604D00EF98DF /* ActionButtonView.swift */; };
		EED87DAA29C661F400EF98DF /* ActionButtonViewSnapshotTests.swift in Sources */ = {isa = PBXBuildFile; fileRef = EED87DA929C661F400EF98DF /* ActionButtonViewSnapshotTests.swift */; };
		EED87DAF29C6624D00EF98DF /* action_button_light.png in Resources */ = {isa = PBXBuildFile; fileRef = EED87DAC29C6624D00EF98DF /* action_button_light.png */; };
		EED87DB029C6624D00EF98DF /* action_button_light_extraExtraExtraLarge.png in Resources */ = {isa = PBXBuildFile; fileRef = EED87DAD29C6624D00EF98DF /* action_button_light_extraExtraExtraLarge.png */; };
		EED87DB129C6624D00EF98DF /* action_button_dark.png in Resources */ = {isa = PBXBuildFile; fileRef = EED87DAE29C6624D00EF98DF /* action_button_dark.png */; };
		EED87DB329C666EF00EF98DF /* SegmentedPickerView.swift in Sources */ = {isa = PBXBuildFile; fileRef = EED87DB229C666EF00EF98DF /* SegmentedPickerView.swift */; };
		EED87DB529C666F500EF98DF /* TabHeaderView.swift in Sources */ = {isa = PBXBuildFile; fileRef = EED87DB429C666F500EF98DF /* TabHeaderView.swift */; };
		EED87DB929C6832700EF98DF /* Date+Helpers.swift in Sources */ = {isa = PBXBuildFile; fileRef = EED87DB829C6832700EF98DF /* Date+Helpers.swift */; };
		EED87DBB29C6854C00EF98DF /* ChartCardView.swift in Sources */ = {isa = PBXBuildFile; fileRef = EED87DBA29C6854C00EF98DF /* ChartCardView.swift */; };
		EED87DBE29C69D9700EF98DF /* ChartCardViewSnapshotTests.swift in Sources */ = {isa = PBXBuildFile; fileRef = EED87DBD29C69D9700EF98DF /* ChartCardViewSnapshotTests.swift */; };
		EED87DC329C69E1000EF98DF /* chart_card_light_extraExtraExtraLarge.png in Resources */ = {isa = PBXBuildFile; fileRef = EED87DC029C69E1000EF98DF /* chart_card_light_extraExtraExtraLarge.png */; };
		EED87DC429C69E1000EF98DF /* chart_card_dark.png in Resources */ = {isa = PBXBuildFile; fileRef = EED87DC129C69E1000EF98DF /* chart_card_dark.png */; };
		EED87DC529C69E1000EF98DF /* chart_card_light.png in Resources */ = {isa = PBXBuildFile; fileRef = EED87DC229C69E1000EF98DF /* chart_card_light.png */; };
		EED87DC729C7AE3A00EF98DF /* CurrentProgressView.swift in Sources */ = {isa = PBXBuildFile; fileRef = EED87DC629C7AE3A00EF98DF /* CurrentProgressView.swift */; };
		EED87DC929C7B40300EF98DF /* CircularProgressView.swift in Sources */ = {isa = PBXBuildFile; fileRef = EED87DC829C7B40300EF98DF /* CircularProgressView.swift */; };
		EED87DCC29C7B4EE00EF98DF /* CircularProgressViewSnapshotTests.swift in Sources */ = {isa = PBXBuildFile; fileRef = EED87DCB29C7B4EE00EF98DF /* CircularProgressViewSnapshotTests.swift */; };
		EED87DD129C7B54B00EF98DF /* circular_progress_light.png in Resources */ = {isa = PBXBuildFile; fileRef = EED87DCE29C7B54B00EF98DF /* circular_progress_light.png */; };
		EED87DD229C7B54B00EF98DF /* circular_progress_dark.png in Resources */ = {isa = PBXBuildFile; fileRef = EED87DCF29C7B54B00EF98DF /* circular_progress_dark.png */; };
		EED87DD329C7B54B00EF98DF /* circular_progress_light_extraExtraExtraLarge.png in Resources */ = {isa = PBXBuildFile; fileRef = EED87DD029C7B54B00EF98DF /* circular_progress_light_extraExtraExtraLarge.png */; };
		EED87DD629C7B5CE00EF98DF /* CurrentProgressViewSnapshotTests.swift in Sources */ = {isa = PBXBuildFile; fileRef = EED87DD529C7B5CE00EF98DF /* CurrentProgressViewSnapshotTests.swift */; };
		EED87DDB29C7B67300EF98DF /* current_progress_light_extraExtraExtraLarge.png in Resources */ = {isa = PBXBuildFile; fileRef = EED87DD829C7B67300EF98DF /* current_progress_light_extraExtraExtraLarge.png */; };
		EED87DDC29C7B67300EF98DF /* current_progress_light.png in Resources */ = {isa = PBXBuildFile; fileRef = EED87DD929C7B67300EF98DF /* current_progress_light.png */; };
		EED87DDD29C7B67300EF98DF /* current_progress_dark.png in Resources */ = {isa = PBXBuildFile; fileRef = EED87DDA29C7B67300EF98DF /* current_progress_dark.png */; };
		EED87DE229C7B80400EF98DF /* seg_picker_dark.png in Resources */ = {isa = PBXBuildFile; fileRef = EED87DDF29C7B80400EF98DF /* seg_picker_dark.png */; };
		EED87DE329C7B80400EF98DF /* seg_picker_light.png in Resources */ = {isa = PBXBuildFile; fileRef = EED87DE029C7B80400EF98DF /* seg_picker_light.png */; };
		EED87DE429C7B80400EF98DF /* seg_picker_light_extraExtraExtraLarge.png in Resources */ = {isa = PBXBuildFile; fileRef = EED87DE129C7B80400EF98DF /* seg_picker_light_extraExtraExtraLarge.png */; };
		EEF4DB3C29C39B4800F57D6D /* Weight.framework in Frameworks */ = {isa = PBXBuildFile; fileRef = EEF4DB3329C39B4700F57D6D /* Weight.framework */; };
		EEF4DB4C29C39BBC00F57D6D /* WeightItem.swift in Sources */ = {isa = PBXBuildFile; fileRef = EEF4DB4B29C39BBC00F57D6D /* WeightItem.swift */; };
		EEF4DB4E29C39C2F00F57D6D /* WeightLogLoader.swift in Sources */ = {isa = PBXBuildFile; fileRef = EEF4DB4D29C39C2F00F57D6D /* WeightLogLoader.swift */; };
		EEF4DB5029C3A97300F57D6D /* README.md in Resources */ = {isa = PBXBuildFile; fileRef = EEF4DB4F29C3A97300F57D6D /* README.md */; };
		EEF4DB5229C3AD5500F57D6D /* CacheWeightLogUseCaseTests.swift in Sources */ = {isa = PBXBuildFile; fileRef = EEF4DB5129C3AD5500F57D6D /* CacheWeightLogUseCaseTests.swift */; };
		EEF4DB5429C3B0C300F57D6D /* XCTestCase+MemoryLeakTracking.swift in Sources */ = {isa = PBXBuildFile; fileRef = EEF4DB5329C3B0C300F57D6D /* XCTestCase+MemoryLeakTracking.swift */; };
		EEF4DB5629C3CEE600F57D6D /* LocalWeightLogLoader.swift in Sources */ = {isa = PBXBuildFile; fileRef = EEF4DB5529C3CEE600F57D6D /* LocalWeightLogLoader.swift */; };
		EEF4DB5829C3CF5C00F57D6D /* WeightLogStore.swift in Sources */ = {isa = PBXBuildFile; fileRef = EEF4DB5729C3CF5C00F57D6D /* WeightLogStore.swift */; };
		EEF4DB5A29C3D80200F57D6D /* LoadLogFromCacheUseCaseTests.swift in Sources */ = {isa = PBXBuildFile; fileRef = EEF4DB5929C3D80200F57D6D /* LoadLogFromCacheUseCaseTests.swift */; };
		EEF4DB5C29C3D8D200F57D6D /* WeightLogStoreSpy.swift in Sources */ = {isa = PBXBuildFile; fileRef = EEF4DB5B29C3D8D200F57D6D /* WeightLogStoreSpy.swift */; };
		EEF4DB5E29C3DBED00F57D6D /* TestHelpers.swift in Sources */ = {isa = PBXBuildFile; fileRef = EEF4DB5D29C3DBED00F57D6D /* TestHelpers.swift */; };
/* End PBXBuildFile section */

/* Begin PBXContainerItemProxy section */
		EE6816A729C54C3C0027160B /* PBXContainerItemProxy */ = {
			isa = PBXContainerItemProxy;
			containerPortal = EEF4DB2A29C39B4700F57D6D /* Project object */;
			proxyType = 1;
			remoteGlobalIDString = EE68169D29C54C3C0027160B;
			remoteInfo = WeightiOS;
		};
		EEF4DB3D29C39B4800F57D6D /* PBXContainerItemProxy */ = {
			isa = PBXContainerItemProxy;
			containerPortal = EEF4DB2A29C39B4700F57D6D /* Project object */;
			proxyType = 1;
			remoteGlobalIDString = EEF4DB3229C39B4700F57D6D;
			remoteInfo = Weight;
		};
/* End PBXContainerItemProxy section */

/* Begin PBXFileReference section */
		EE5D825729C440A80011CFA8 /* DeleteFromCacheUseCaseTests.swift */ = {isa = PBXFileReference; lastKnownFileType = sourcecode.swift; path = DeleteFromCacheUseCaseTests.swift; sourceTree = "<group>"; };
		EE5D825B29C4E24B0011CFA8 /* WeightLogStoreSpecs.swift */ = {isa = PBXFileReference; lastKnownFileType = sourcecode.swift; path = WeightLogStoreSpecs.swift; sourceTree = "<group>"; };
		EE5D825E29C4E55E0011CFA8 /* XCTestCase+WeightLogStoreSpecs.swift */ = {isa = PBXFileReference; lastKnownFileType = sourcecode.swift; path = "XCTestCase+WeightLogStoreSpecs.swift"; sourceTree = "<group>"; };
		EE5D826029C4EC1A0011CFA8 /* XCTestCase+FailableRetrieveWeightLogStoreSpecs.swift */ = {isa = PBXFileReference; lastKnownFileType = sourcecode.swift; path = "XCTestCase+FailableRetrieveWeightLogStoreSpecs.swift"; sourceTree = "<group>"; };
		EE5D826229C4ECEC0011CFA8 /* XCTestCase+FailableSaveWeightLogStoreSpecs.swift */ = {isa = PBXFileReference; lastKnownFileType = sourcecode.swift; path = "XCTestCase+FailableSaveWeightLogStoreSpecs.swift"; sourceTree = "<group>"; };
		EE5D826429C4EE3D0011CFA8 /* XCTestCase+FailableDeleteWeightLogStoreSpecs.swift */ = {isa = PBXFileReference; lastKnownFileType = sourcecode.swift; path = "XCTestCase+FailableDeleteWeightLogStoreSpecs.swift"; sourceTree = "<group>"; };
		EE5D826729C4FB790011CFA8 /* CoreDataWeightLogStoreTests.swift */ = {isa = PBXFileReference; lastKnownFileType = sourcecode.swift; path = CoreDataWeightLogStoreTests.swift; sourceTree = "<group>"; };
		EE5D826929C4FC0C0011CFA8 /* CoreDataWeightLogStore.swift */ = {isa = PBXFileReference; lastKnownFileType = sourcecode.swift; path = CoreDataWeightLogStore.swift; sourceTree = "<group>"; };
		EE5D826B29C4FC570011CFA8 /* CoreDataHelpers.swift */ = {isa = PBXFileReference; lastKnownFileType = sourcecode.swift; path = CoreDataHelpers.swift; sourceTree = "<group>"; };
		EE5D826D29C4FC8C0011CFA8 /* ManagedCache.swift */ = {isa = PBXFileReference; lastKnownFileType = sourcecode.swift; path = ManagedCache.swift; sourceTree = "<group>"; };
		EE5D826F29C4FCCA0011CFA8 /* ManagedWeightItem.swift */ = {isa = PBXFileReference; lastKnownFileType = sourcecode.swift; path = ManagedWeightItem.swift; sourceTree = "<group>"; };
		EE5D827229C4FEEF0011CFA8 /* WeightLogStore.xcdatamodel */ = {isa = PBXFileReference; lastKnownFileType = wrapper.xcdatamodel; path = WeightLogStore.xcdatamodel; sourceTree = "<group>"; };
		EE5D827429C518F40011CFA8 /* WeightCacheIntegrationTests.swift */ = {isa = PBXFileReference; lastKnownFileType = sourcecode.swift; path = WeightCacheIntegrationTests.swift; sourceTree = "<group>"; };
		EE68169E29C54C3C0027160B /* WeightiOS.framework */ = {isa = PBXFileReference; explicitFileType = wrapper.framework; includeInIndex = 0; path = WeightiOS.framework; sourceTree = BUILT_PRODUCTS_DIR; };
		EE6816A529C54C3C0027160B /* WeightiOSTests.xctest */ = {isa = PBXFileReference; explicitFileType = wrapper.cfbundle; includeInIndex = 0; path = WeightiOSTests.xctest; sourceTree = BUILT_PRODUCTS_DIR; };
		EE6816BC29C641110027160B /* UIViewController+Snapshot.swift */ = {isa = PBXFileReference; lastKnownFileType = sourcecode.swift; name = "UIViewController+Snapshot.swift"; path = "WeightiOSTests/Snapshot Helpers/UIViewController+Snapshot.swift"; sourceTree = SOURCE_ROOT; };
		EE6816BE29C641200027160B /* XCTestCase+Snapshot.swift */ = {isa = PBXFileReference; lastKnownFileType = sourcecode.swift; name = "XCTestCase+Snapshot.swift"; path = "WeightiOSTests/Snapshot Helpers/XCTestCase+Snapshot.swift"; sourceTree = SOURCE_ROOT; };
		EE80229529C646FC0025437B /* SegmentedPickerViewSnapshotTests.swift */ = {isa = PBXFileReference; lastKnownFileType = sourcecode.swift; path = SegmentedPickerViewSnapshotTests.swift; sourceTree = "<group>"; };
		EE80229B29C64DEE0025437B /* TabHeaderViewSnapshotTests.swift */ = {isa = PBXFileReference; lastKnownFileType = sourcecode.swift; path = TabHeaderViewSnapshotTests.swift; sourceTree = "<group>"; };
		EE8022A329C6513E0025437B /* tab_header_light.png */ = {isa = PBXFileReference; lastKnownFileType = image.png; path = tab_header_light.png; sourceTree = "<group>"; };
		EE8022A429C6513E0025437B /* tab_header_dark.png */ = {isa = PBXFileReference; lastKnownFileType = image.png; path = tab_header_dark.png; sourceTree = "<group>"; };
		EE8022A529C6513E0025437B /* tab_header_light_extraExtraExtraLarge.png */ = {isa = PBXFileReference; lastKnownFileType = image.png; path = tab_header_light_extraExtraExtraLarge.png; sourceTree = "<group>"; };
		EEA95D4029C644C900A69B38 /* WeightInputView.swift */ = {isa = PBXFileReference; lastKnownFileType = sourcecode.swift; path = WeightInputView.swift; sourceTree = "<group>"; };
		EED87D9A29C65E2F00EF98DF /* ProgressCardView.swift */ = {isa = PBXFileReference; lastKnownFileType = sourcecode.swift; path = ProgressCardView.swift; sourceTree = "<group>"; };
		EED87D9D29C65F1100EF98DF /* ProgressCardViewSnapshotTests.swift */ = {isa = PBXFileReference; lastKnownFileType = sourcecode.swift; path = ProgressCardViewSnapshotTests.swift; sourceTree = "<group>"; };
		EED87DA029C65F8200EF98DF /* progress_card_dark.png */ = {isa = PBXFileReference; lastKnownFileType = image.png; path = progress_card_dark.png; sourceTree = "<group>"; };
		EED87DA129C65F8200EF98DF /* progress_card_light_extraExtraExtraLarge.png */ = {isa = PBXFileReference; lastKnownFileType = image.png; path = progress_card_light_extraExtraExtraLarge.png; sourceTree = "<group>"; };
		EED87DA229C65F8200EF98DF /* progress_card_light.png */ = {isa = PBXFileReference; lastKnownFileType = image.png; path = progress_card_light.png; sourceTree = "<group>"; };
		EED87DA629C6604D00EF98DF /* ActionButtonView.swift */ = {isa = PBXFileReference; lastKnownFileType = sourcecode.swift; path = ActionButtonView.swift; sourceTree = "<group>"; };
		EED87DA929C661F400EF98DF /* ActionButtonViewSnapshotTests.swift */ = {isa = PBXFileReference; lastKnownFileType = sourcecode.swift; path = ActionButtonViewSnapshotTests.swift; sourceTree = "<group>"; };
		EED87DAC29C6624D00EF98DF /* action_button_light.png */ = {isa = PBXFileReference; lastKnownFileType = image.png; path = action_button_light.png; sourceTree = "<group>"; };
		EED87DAD29C6624D00EF98DF /* action_button_light_extraExtraExtraLarge.png */ = {isa = PBXFileReference; lastKnownFileType = image.png; path = action_button_light_extraExtraExtraLarge.png; sourceTree = "<group>"; };
		EED87DAE29C6624D00EF98DF /* action_button_dark.png */ = {isa = PBXFileReference; lastKnownFileType = image.png; path = action_button_dark.png; sourceTree = "<group>"; };
		EED87DB229C666EF00EF98DF /* SegmentedPickerView.swift */ = {isa = PBXFileReference; fileEncoding = 4; lastKnownFileType = sourcecode.swift; path = SegmentedPickerView.swift; sourceTree = "<group>"; };
		EED87DB429C666F500EF98DF /* TabHeaderView.swift */ = {isa = PBXFileReference; fileEncoding = 4; lastKnownFileType = sourcecode.swift; path = TabHeaderView.swift; sourceTree = "<group>"; };
		EED87DB829C6832700EF98DF /* Date+Helpers.swift */ = {isa = PBXFileReference; lastKnownFileType = sourcecode.swift; path = "Date+Helpers.swift"; sourceTree = "<group>"; };
		EED87DBA29C6854C00EF98DF /* ChartCardView.swift */ = {isa = PBXFileReference; lastKnownFileType = sourcecode.swift; path = ChartCardView.swift; sourceTree = "<group>"; };
		EED87DBD29C69D9700EF98DF /* ChartCardViewSnapshotTests.swift */ = {isa = PBXFileReference; lastKnownFileType = sourcecode.swift; path = ChartCardViewSnapshotTests.swift; sourceTree = "<group>"; };
		EED87DC029C69E1000EF98DF /* chart_card_light_extraExtraExtraLarge.png */ = {isa = PBXFileReference; lastKnownFileType = image.png; path = chart_card_light_extraExtraExtraLarge.png; sourceTree = "<group>"; };
		EED87DC129C69E1000EF98DF /* chart_card_dark.png */ = {isa = PBXFileReference; lastKnownFileType = image.png; path = chart_card_dark.png; sourceTree = "<group>"; };
		EED87DC229C69E1000EF98DF /* chart_card_light.png */ = {isa = PBXFileReference; lastKnownFileType = image.png; path = chart_card_light.png; sourceTree = "<group>"; };
		EED87DC629C7AE3A00EF98DF /* CurrentProgressView.swift */ = {isa = PBXFileReference; lastKnownFileType = sourcecode.swift; path = CurrentProgressView.swift; sourceTree = "<group>"; };
		EED87DC829C7B40300EF98DF /* CircularProgressView.swift */ = {isa = PBXFileReference; lastKnownFileType = sourcecode.swift; path = CircularProgressView.swift; sourceTree = "<group>"; };
		EED87DCB29C7B4EE00EF98DF /* CircularProgressViewSnapshotTests.swift */ = {isa = PBXFileReference; lastKnownFileType = sourcecode.swift; path = CircularProgressViewSnapshotTests.swift; sourceTree = "<group>"; };
		EED87DCE29C7B54B00EF98DF /* circular_progress_light.png */ = {isa = PBXFileReference; lastKnownFileType = image.png; path = circular_progress_light.png; sourceTree = "<group>"; };
		EED87DCF29C7B54B00EF98DF /* circular_progress_dark.png */ = {isa = PBXFileReference; lastKnownFileType = image.png; path = circular_progress_dark.png; sourceTree = "<group>"; };
		EED87DD029C7B54B00EF98DF /* circular_progress_light_extraExtraExtraLarge.png */ = {isa = PBXFileReference; lastKnownFileType = image.png; path = circular_progress_light_extraExtraExtraLarge.png; sourceTree = "<group>"; };
		EED87DD529C7B5CE00EF98DF /* CurrentProgressViewSnapshotTests.swift */ = {isa = PBXFileReference; lastKnownFileType = sourcecode.swift; path = CurrentProgressViewSnapshotTests.swift; sourceTree = "<group>"; };
		EED87DD829C7B67300EF98DF /* current_progress_light_extraExtraExtraLarge.png */ = {isa = PBXFileReference; lastKnownFileType = image.png; path = current_progress_light_extraExtraExtraLarge.png; sourceTree = "<group>"; };
		EED87DD929C7B67300EF98DF /* current_progress_light.png */ = {isa = PBXFileReference; lastKnownFileType = image.png; path = current_progress_light.png; sourceTree = "<group>"; };
		EED87DDA29C7B67300EF98DF /* current_progress_dark.png */ = {isa = PBXFileReference; lastKnownFileType = image.png; path = current_progress_dark.png; sourceTree = "<group>"; };
		EED87DDF29C7B80400EF98DF /* seg_picker_dark.png */ = {isa = PBXFileReference; lastKnownFileType = image.png; path = seg_picker_dark.png; sourceTree = "<group>"; };
		EED87DE029C7B80400EF98DF /* seg_picker_light.png */ = {isa = PBXFileReference; lastKnownFileType = image.png; path = seg_picker_light.png; sourceTree = "<group>"; };
		EED87DE129C7B80400EF98DF /* seg_picker_light_extraExtraExtraLarge.png */ = {isa = PBXFileReference; lastKnownFileType = image.png; path = seg_picker_light_extraExtraExtraLarge.png; sourceTree = "<group>"; };
		EEF4DB3329C39B4700F57D6D /* Weight.framework */ = {isa = PBXFileReference; explicitFileType = wrapper.framework; includeInIndex = 0; path = Weight.framework; sourceTree = BUILT_PRODUCTS_DIR; };
		EEF4DB3B29C39B4800F57D6D /* WeightTests.xctest */ = {isa = PBXFileReference; explicitFileType = wrapper.cfbundle; includeInIndex = 0; path = WeightTests.xctest; sourceTree = BUILT_PRODUCTS_DIR; };
		EEF4DB4B29C39BBC00F57D6D /* WeightItem.swift */ = {isa = PBXFileReference; lastKnownFileType = sourcecode.swift; path = WeightItem.swift; sourceTree = "<group>"; };
		EEF4DB4D29C39C2F00F57D6D /* WeightLogLoader.swift */ = {isa = PBXFileReference; lastKnownFileType = sourcecode.swift; path = WeightLogLoader.swift; sourceTree = "<group>"; };
		EEF4DB4F29C3A97300F57D6D /* README.md */ = {isa = PBXFileReference; fileEncoding = 4; lastKnownFileType = net.daringfireball.markdown; path = README.md; sourceTree = "<group>"; };
		EEF4DB5129C3AD5500F57D6D /* CacheWeightLogUseCaseTests.swift */ = {isa = PBXFileReference; lastKnownFileType = sourcecode.swift; path = CacheWeightLogUseCaseTests.swift; sourceTree = "<group>"; };
		EEF4DB5329C3B0C300F57D6D /* XCTestCase+MemoryLeakTracking.swift */ = {isa = PBXFileReference; lastKnownFileType = sourcecode.swift; path = "XCTestCase+MemoryLeakTracking.swift"; sourceTree = "<group>"; };
		EEF4DB5529C3CEE600F57D6D /* LocalWeightLogLoader.swift */ = {isa = PBXFileReference; lastKnownFileType = sourcecode.swift; path = LocalWeightLogLoader.swift; sourceTree = "<group>"; };
		EEF4DB5729C3CF5C00F57D6D /* WeightLogStore.swift */ = {isa = PBXFileReference; lastKnownFileType = sourcecode.swift; path = WeightLogStore.swift; sourceTree = "<group>"; };
		EEF4DB5929C3D80200F57D6D /* LoadLogFromCacheUseCaseTests.swift */ = {isa = PBXFileReference; lastKnownFileType = sourcecode.swift; path = LoadLogFromCacheUseCaseTests.swift; sourceTree = "<group>"; };
		EEF4DB5B29C3D8D200F57D6D /* WeightLogStoreSpy.swift */ = {isa = PBXFileReference; lastKnownFileType = sourcecode.swift; path = WeightLogStoreSpy.swift; sourceTree = "<group>"; };
		EEF4DB5D29C3DBED00F57D6D /* TestHelpers.swift */ = {isa = PBXFileReference; lastKnownFileType = sourcecode.swift; path = TestHelpers.swift; sourceTree = "<group>"; };
/* End PBXFileReference section */

/* Begin PBXFrameworksBuildPhase section */
		EE68169B29C54C3C0027160B /* Frameworks */ = {
			isa = PBXFrameworksBuildPhase;
			buildActionMask = 2147483647;
			files = (
			);
			runOnlyForDeploymentPostprocessing = 0;
		};
		EE6816A229C54C3C0027160B /* Frameworks */ = {
			isa = PBXFrameworksBuildPhase;
			buildActionMask = 2147483647;
			files = (
				EE6816A629C54C3C0027160B /* WeightiOS.framework in Frameworks */,
			);
			runOnlyForDeploymentPostprocessing = 0;
		};
		EEF4DB3029C39B4700F57D6D /* Frameworks */ = {
			isa = PBXFrameworksBuildPhase;
			buildActionMask = 2147483647;
			files = (
			);
			runOnlyForDeploymentPostprocessing = 0;
		};
		EEF4DB3829C39B4800F57D6D /* Frameworks */ = {
			isa = PBXFrameworksBuildPhase;
			buildActionMask = 2147483647;
			files = (
				EEF4DB3C29C39B4800F57D6D /* Weight.framework in Frameworks */,
			);
			runOnlyForDeploymentPostprocessing = 0;
		};
/* End PBXFrameworksBuildPhase section */

/* Begin PBXGroup section */
		EE5D825D29C4E2FB0011CFA8 /* Helpers */ = {
			isa = PBXGroup;
			children = (
				EEF4DB5D29C3DBED00F57D6D /* TestHelpers.swift */,
				EEF4DB5329C3B0C300F57D6D /* XCTestCase+MemoryLeakTracking.swift */,
				EEF4DB5B29C3D8D200F57D6D /* WeightLogStoreSpy.swift */,
			);
			path = Helpers;
			sourceTree = "<group>";
		};
		EE5D826629C4EE9A0011CFA8 /* WeightLogStoreSpecs */ = {
			isa = PBXGroup;
			children = (
				EE5D825B29C4E24B0011CFA8 /* WeightLogStoreSpecs.swift */,
				EE5D825E29C4E55E0011CFA8 /* XCTestCase+WeightLogStoreSpecs.swift */,
				EE5D826029C4EC1A0011CFA8 /* XCTestCase+FailableRetrieveWeightLogStoreSpecs.swift */,
				EE5D826229C4ECEC0011CFA8 /* XCTestCase+FailableSaveWeightLogStoreSpecs.swift */,
				EE5D826429C4EE3D0011CFA8 /* XCTestCase+FailableDeleteWeightLogStoreSpecs.swift */,
			);
			path = WeightLogStoreSpecs;
			sourceTree = "<group>";
		};
		EE68169F29C54C3C0027160B /* WeightiOS */ = {
			isa = PBXGroup;
			children = (
				EEA95D4029C644C900A69B38 /* WeightInputView.swift */,
				EE80229729C64A400025437B /* SharedUI */,
			);
			name = WeightiOS;
			path = /Users/johngers/Desktop/Weight/WeightiOS;
			sourceTree = "<absolute>";
		};
		EE6816A929C54C3C0027160B /* WeightiOSTests */ = {
			isa = PBXGroup;
			children = (
				EE6816C029C6421C0027160B /* Snapshot Helpers */,
				EE80229329C646E50025437B /* SharedUI */,
			);
			path = WeightiOSTests;
			sourceTree = "<group>";
		};
		EE6816C029C6421C0027160B /* Snapshot Helpers */ = {
			isa = PBXGroup;
			children = (
				EE6816BC29C641110027160B /* UIViewController+Snapshot.swift */,
				EE6816BE29C641200027160B /* XCTestCase+Snapshot.swift */,
			);
			path = "Snapshot Helpers";
			sourceTree = "<group>";
		};
		EE80229329C646E50025437B /* SharedUI */ = {
			isa = PBXGroup;
			children = (
				EED87DA829C661BE00EF98DF /* Action Button */,
				EED87DBC29C69D8600EF98DF /* Chart Card */,
				EED87DCA29C7B4C000EF98DF /* Circular Progress Bar */,
				EED87DD429C7B5B100EF98DF /* Current Progress */,
				EED87D9C29C65EE500EF98DF /* Progress Card */,
				EE80229429C646F10025437B /* Segmented Picker */,
				EE80229A29C64DD40025437B /* Tab Header */,
			);
			path = SharedUI;
			sourceTree = "<group>";
		};
		EE80229429C646F10025437B /* Segmented Picker */ = {
			isa = PBXGroup;
			children = (
				EED87DDE29C7B80400EF98DF /* snapshots */,
				EE80229529C646FC0025437B /* SegmentedPickerViewSnapshotTests.swift */,
			);
			path = "Segmented Picker";
			sourceTree = "<group>";
		};
		EE80229729C64A400025437B /* SharedUI */ = {
			isa = PBXGroup;
			children = (
				EED87DA629C6604D00EF98DF /* ActionButtonView.swift */,
				EED87DBA29C6854C00EF98DF /* ChartCardView.swift */,
				EED87DC829C7B40300EF98DF /* CircularProgressView.swift */,
				EED87DC629C7AE3A00EF98DF /* CurrentProgressView.swift */,
				EED87D9A29C65E2F00EF98DF /* ProgressCardView.swift */,
				EED87DB229C666EF00EF98DF /* SegmentedPickerView.swift */,
				EED87DB429C666F500EF98DF /* TabHeaderView.swift */,
			);
			path = SharedUI;
			sourceTree = "<group>";
		};
		EE80229A29C64DD40025437B /* Tab Header */ = {
			isa = PBXGroup;
			children = (
				EE8022A229C6513E0025437B /* snapshots */,
				EE80229B29C64DEE0025437B /* TabHeaderViewSnapshotTests.swift */,
			);
			path = "Tab Header";
			sourceTree = "<group>";
		};
		EE8022A229C6513E0025437B /* snapshots */ = {
			isa = PBXGroup;
			children = (
				EE8022A329C6513E0025437B /* tab_header_light.png */,
				EE8022A429C6513E0025437B /* tab_header_dark.png */,
				EE8022A529C6513E0025437B /* tab_header_light_extraExtraExtraLarge.png */,
			);
			path = snapshots;
			sourceTree = "<group>";
		};
		EED87D9C29C65EE500EF98DF /* Progress Card */ = {
			isa = PBXGroup;
			children = (
				EED87D9F29C65F8200EF98DF /* snapshots */,
				EED87D9D29C65F1100EF98DF /* ProgressCardViewSnapshotTests.swift */,
			);
			path = "Progress Card";
			sourceTree = "<group>";
		};
		EED87D9F29C65F8200EF98DF /* snapshots */ = {
			isa = PBXGroup;
			children = (
				EED87DA029C65F8200EF98DF /* progress_card_dark.png */,
				EED87DA129C65F8200EF98DF /* progress_card_light_extraExtraExtraLarge.png */,
				EED87DA229C65F8200EF98DF /* progress_card_light.png */,
			);
			path = snapshots;
			sourceTree = "<group>";
		};
		EED87DA829C661BE00EF98DF /* Action Button */ = {
			isa = PBXGroup;
			children = (
				EED87DAB29C6624D00EF98DF /* snapshots */,
				EED87DA929C661F400EF98DF /* ActionButtonViewSnapshotTests.swift */,
			);
			path = "Action Button";
			sourceTree = "<group>";
		};
		EED87DAB29C6624D00EF98DF /* snapshots */ = {
			isa = PBXGroup;
			children = (
				EED87DAC29C6624D00EF98DF /* action_button_light.png */,
				EED87DAD29C6624D00EF98DF /* action_button_light_extraExtraExtraLarge.png */,
				EED87DAE29C6624D00EF98DF /* action_button_dark.png */,
			);
			path = snapshots;
			sourceTree = "<group>";
		};
		EED87DBC29C69D8600EF98DF /* Chart Card */ = {
			isa = PBXGroup;
			children = (
				EED87DBF29C69E1000EF98DF /* snapshots */,
				EED87DBD29C69D9700EF98DF /* ChartCardViewSnapshotTests.swift */,
			);
			path = "Chart Card";
			sourceTree = "<group>";
		};
		EED87DBF29C69E1000EF98DF /* snapshots */ = {
			isa = PBXGroup;
			children = (
				EED87DC029C69E1000EF98DF /* chart_card_light_extraExtraExtraLarge.png */,
				EED87DC129C69E1000EF98DF /* chart_card_dark.png */,
				EED87DC229C69E1000EF98DF /* chart_card_light.png */,
			);
			path = snapshots;
			sourceTree = "<group>";
		};
		EED87DCA29C7B4C000EF98DF /* Circular Progress Bar */ = {
			isa = PBXGroup;
			children = (
				EED87DCD29C7B54B00EF98DF /* snapshots */,
				EED87DCB29C7B4EE00EF98DF /* CircularProgressViewSnapshotTests.swift */,
			);
			path = "Circular Progress Bar";
			sourceTree = "<group>";
		};
		EED87DCD29C7B54B00EF98DF /* snapshots */ = {
			isa = PBXGroup;
			children = (
				EED87DCE29C7B54B00EF98DF /* circular_progress_light.png */,
				EED87DCF29C7B54B00EF98DF /* circular_progress_dark.png */,
				EED87DD029C7B54B00EF98DF /* circular_progress_light_extraExtraExtraLarge.png */,
			);
			path = snapshots;
			sourceTree = "<group>";
		};
		EED87DD429C7B5B100EF98DF /* Current Progress */ = {
			isa = PBXGroup;
			children = (
				EED87DD729C7B67300EF98DF /* snapshots */,
				EED87DD529C7B5CE00EF98DF /* CurrentProgressViewSnapshotTests.swift */,
			);
			path = "Current Progress";
			sourceTree = "<group>";
		};
		EED87DD729C7B67300EF98DF /* snapshots */ = {
			isa = PBXGroup;
			children = (
				EED87DD829C7B67300EF98DF /* current_progress_light_extraExtraExtraLarge.png */,
				EED87DD929C7B67300EF98DF /* current_progress_light.png */,
				EED87DDA29C7B67300EF98DF /* current_progress_dark.png */,
			);
			path = snapshots;
			sourceTree = "<group>";
		};
		EED87DDE29C7B80400EF98DF /* snapshots */ = {
			isa = PBXGroup;
			children = (
				EED87DDF29C7B80400EF98DF /* seg_picker_dark.png */,
				EED87DE029C7B80400EF98DF /* seg_picker_light.png */,
				EED87DE129C7B80400EF98DF /* seg_picker_light_extraExtraExtraLarge.png */,
			);
			path = snapshots;
			sourceTree = "<group>";
		};
		EEF4DB2929C39B4700F57D6D = {
			isa = PBXGroup;
			children = (
				EEF4DB4F29C3A97300F57D6D /* README.md */,
				EEF4DB3529C39B4700F57D6D /* Weight */,
				EEF4DB3F29C39B4800F57D6D /* WeightTests */,
				EE68169F29C54C3C0027160B /* WeightiOS */,
				EE6816A929C54C3C0027160B /* WeightiOSTests */,
				EEF4DB3429C39B4700F57D6D /* Products */,
			);
			sourceTree = "<group>";
		};
		EEF4DB3429C39B4700F57D6D /* Products */ = {
			isa = PBXGroup;
			children = (
				EEF4DB3329C39B4700F57D6D /* Weight.framework */,
				EEF4DB3B29C39B4800F57D6D /* WeightTests.xctest */,
				EE68169E29C54C3C0027160B /* WeightiOS.framework */,
				EE6816A529C54C3C0027160B /* WeightiOSTests.xctest */,
			);
			name = Products;
			sourceTree = "<group>";
		};
		EEF4DB3529C39B4700F57D6D /* Weight */ = {
			isa = PBXGroup;
			children = (
				EED87DB829C6832700EF98DF /* Date+Helpers.swift */,
				EEF4DB4B29C39BBC00F57D6D /* WeightItem.swift */,
				EEF4DB4D29C39C2F00F57D6D /* WeightLogLoader.swift */,
				EEF4DB5529C3CEE600F57D6D /* LocalWeightLogLoader.swift */,
				EEF4DB5729C3CF5C00F57D6D /* WeightLogStore.swift */,
				EE5D826929C4FC0C0011CFA8 /* CoreDataWeightLogStore.swift */,
				EE5D826B29C4FC570011CFA8 /* CoreDataHelpers.swift */,
				EE5D826D29C4FC8C0011CFA8 /* ManagedCache.swift */,
				EE5D826F29C4FCCA0011CFA8 /* ManagedWeightItem.swift */,
				EE5D827129C4FEEF0011CFA8 /* WeightLogStore.xcdatamodeld */,
			);
			path = Weight;
			sourceTree = "<group>";
		};
		EEF4DB3F29C39B4800F57D6D /* WeightTests */ = {
			isa = PBXGroup;
			children = (
				EE5D827429C518F40011CFA8 /* WeightCacheIntegrationTests.swift */,
				EE5D825D29C4E2FB0011CFA8 /* Helpers */,
				EE5D826629C4EE9A0011CFA8 /* WeightLogStoreSpecs */,
				EEF4DB5129C3AD5500F57D6D /* CacheWeightLogUseCaseTests.swift */,
				EE5D825729C440A80011CFA8 /* DeleteFromCacheUseCaseTests.swift */,
				EEF4DB5929C3D80200F57D6D /* LoadLogFromCacheUseCaseTests.swift */,
				EE5D826729C4FB790011CFA8 /* CoreDataWeightLogStoreTests.swift */,
			);
			path = WeightTests;
			sourceTree = "<group>";
		};
/* End PBXGroup section */

/* Begin PBXHeadersBuildPhase section */
		EE68169929C54C3C0027160B /* Headers */ = {
			isa = PBXHeadersBuildPhase;
			buildActionMask = 2147483647;
			files = (
			);
			runOnlyForDeploymentPostprocessing = 0;
		};
		EEF4DB2E29C39B4700F57D6D /* Headers */ = {
			isa = PBXHeadersBuildPhase;
			buildActionMask = 2147483647;
			files = (
			);
			runOnlyForDeploymentPostprocessing = 0;
		};
/* End PBXHeadersBuildPhase section */

/* Begin PBXNativeTarget section */
		EE68169D29C54C3C0027160B /* WeightiOS */ = {
			isa = PBXNativeTarget;
			buildConfigurationList = EE6816B129C54C3C0027160B /* Build configuration list for PBXNativeTarget "WeightiOS" */;
			buildPhases = (
				EE68169929C54C3C0027160B /* Headers */,
				EE68169A29C54C3C0027160B /* Sources */,
				EE68169B29C54C3C0027160B /* Frameworks */,
				EE68169C29C54C3C0027160B /* Resources */,
			);
			buildRules = (
			);
			dependencies = (
			);
			name = WeightiOS;
			productName = WeightiOS;
			productReference = EE68169E29C54C3C0027160B /* WeightiOS.framework */;
			productType = "com.apple.product-type.framework";
		};
		EE6816A429C54C3C0027160B /* WeightiOSTests */ = {
			isa = PBXNativeTarget;
			buildConfigurationList = EE6816B229C54C3C0027160B /* Build configuration list for PBXNativeTarget "WeightiOSTests" */;
			buildPhases = (
				EE6816A129C54C3C0027160B /* Sources */,
				EE6816A229C54C3C0027160B /* Frameworks */,
				EE6816A329C54C3C0027160B /* Resources */,
			);
			buildRules = (
			);
			dependencies = (
				EE6816A829C54C3C0027160B /* PBXTargetDependency */,
			);
			name = WeightiOSTests;
			productName = WeightiOSTests;
			productReference = EE6816A529C54C3C0027160B /* WeightiOSTests.xctest */;
			productType = "com.apple.product-type.bundle.unit-test";
		};
		EEF4DB3229C39B4700F57D6D /* Weight */ = {
			isa = PBXNativeTarget;
			buildConfigurationList = EEF4DB4529C39B4800F57D6D /* Build configuration list for PBXNativeTarget "Weight" */;
			buildPhases = (
				EEF4DB2E29C39B4700F57D6D /* Headers */,
				EEF4DB2F29C39B4700F57D6D /* Sources */,
				EEF4DB3029C39B4700F57D6D /* Frameworks */,
				EEF4DB3129C39B4700F57D6D /* Resources */,
			);
			buildRules = (
			);
			dependencies = (
			);
			name = Weight;
			productName = Weight;
			productReference = EEF4DB3329C39B4700F57D6D /* Weight.framework */;
			productType = "com.apple.product-type.framework";
		};
		EEF4DB3A29C39B4800F57D6D /* WeightTests */ = {
			isa = PBXNativeTarget;
			buildConfigurationList = EEF4DB4829C39B4800F57D6D /* Build configuration list for PBXNativeTarget "WeightTests" */;
			buildPhases = (
				EEF4DB3729C39B4800F57D6D /* Sources */,
				EEF4DB3829C39B4800F57D6D /* Frameworks */,
				EEF4DB3929C39B4800F57D6D /* Resources */,
			);
			buildRules = (
			);
			dependencies = (
				EEF4DB3E29C39B4800F57D6D /* PBXTargetDependency */,
			);
			name = WeightTests;
			productName = WeightTests;
			productReference = EEF4DB3B29C39B4800F57D6D /* WeightTests.xctest */;
			productType = "com.apple.product-type.bundle.unit-test";
		};
/* End PBXNativeTarget section */

/* Begin PBXProject section */
		EEF4DB2A29C39B4700F57D6D /* Project object */ = {
			isa = PBXProject;
			attributes = {
				BuildIndependentTargetsInParallel = 1;
				LastSwiftUpdateCheck = 1420;
				LastUpgradeCheck = 1420;
				TargetAttributes = {
					EE68169D29C54C3C0027160B = {
						CreatedOnToolsVersion = 14.2;
					};
					EE6816A429C54C3C0027160B = {
						CreatedOnToolsVersion = 14.2;
					};
					EEF4DB3229C39B4700F57D6D = {
						CreatedOnToolsVersion = 14.2;
						LastSwiftMigration = 1420;
					};
					EEF4DB3A29C39B4800F57D6D = {
						CreatedOnToolsVersion = 14.2;
					};
				};
			};
			buildConfigurationList = EEF4DB2D29C39B4700F57D6D /* Build configuration list for PBXProject "Weight" */;
			compatibilityVersion = "Xcode 14.0";
			developmentRegion = en;
			hasScannedForEncodings = 0;
			knownRegions = (
				en,
				Base,
			);
			mainGroup = EEF4DB2929C39B4700F57D6D;
			productRefGroup = EEF4DB3429C39B4700F57D6D /* Products */;
			projectDirPath = "";
			projectRoot = "";
			targets = (
				EEF4DB3229C39B4700F57D6D /* Weight */,
				EEF4DB3A29C39B4800F57D6D /* WeightTests */,
				EE68169D29C54C3C0027160B /* WeightiOS */,
				EE6816A429C54C3C0027160B /* WeightiOSTests */,
			);
		};
/* End PBXProject section */

/* Begin PBXResourcesBuildPhase section */
		EE68169C29C54C3C0027160B /* Resources */ = {
			isa = PBXResourcesBuildPhase;
			buildActionMask = 2147483647;
			files = (
			);
			runOnlyForDeploymentPostprocessing = 0;
		};
		EE6816A329C54C3C0027160B /* Resources */ = {
			isa = PBXResourcesBuildPhase;
			buildActionMask = 2147483647;
			files = (
				EED87DDB29C7B67300EF98DF /* current_progress_light_extraExtraExtraLarge.png in Resources */,
				EED87DA529C65F8200EF98DF /* progress_card_light.png in Resources */,
				EED87DD329C7B54B00EF98DF /* circular_progress_light_extraExtraExtraLarge.png in Resources */,
				EED87DE429C7B80400EF98DF /* seg_picker_light_extraExtraExtraLarge.png in Resources */,
				EED87DE229C7B80400EF98DF /* seg_picker_dark.png in Resources */,
				EED87DE329C7B80400EF98DF /* seg_picker_light.png in Resources */,
				EED87DC529C69E1000EF98DF /* chart_card_light.png in Resources */,
				EED87DA429C65F8200EF98DF /* progress_card_light_extraExtraExtraLarge.png in Resources */,
				EED87DC429C69E1000EF98DF /* chart_card_dark.png in Resources */,
				EED87DB029C6624D00EF98DF /* action_button_light_extraExtraExtraLarge.png in Resources */,
				EED87DDC29C7B67300EF98DF /* current_progress_light.png in Resources */,
				EED87DC329C69E1000EF98DF /* chart_card_light_extraExtraExtraLarge.png in Resources */,
				EED87DB129C6624D00EF98DF /* action_button_dark.png in Resources */,
				EED87DAF29C6624D00EF98DF /* action_button_light.png in Resources */,
				EED87DD129C7B54B00EF98DF /* circular_progress_light.png in Resources */,
				EED87DD229C7B54B00EF98DF /* circular_progress_dark.png in Resources */,
				EED87DA329C65F8200EF98DF /* progress_card_dark.png in Resources */,
				EED87DDD29C7B67300EF98DF /* current_progress_dark.png in Resources */,
			);
			runOnlyForDeploymentPostprocessing = 0;
		};
		EEF4DB3129C39B4700F57D6D /* Resources */ = {
			isa = PBXResourcesBuildPhase;
			buildActionMask = 2147483647;
			files = (
				EEF4DB5029C3A97300F57D6D /* README.md in Resources */,
			);
			runOnlyForDeploymentPostprocessing = 0;
		};
		EEF4DB3929C39B4800F57D6D /* Resources */ = {
			isa = PBXResourcesBuildPhase;
			buildActionMask = 2147483647;
			files = (
			);
			runOnlyForDeploymentPostprocessing = 0;
		};
/* End PBXResourcesBuildPhase section */

/* Begin PBXSourcesBuildPhase section */
		EE68169A29C54C3C0027160B /* Sources */ = {
			isa = PBXSourcesBuildPhase;
			buildActionMask = 2147483647;
			files = (
				EED87DC729C7AE3A00EF98DF /* CurrentProgressView.swift in Sources */,
				EEA95D4129C644C900A69B38 /* WeightInputView.swift in Sources */,
				EED87DC929C7B40300EF98DF /* CircularProgressView.swift in Sources */,
				EED87DA729C6604D00EF98DF /* ActionButtonView.swift in Sources */,
				EED87D9B29C65E2F00EF98DF /* ProgressCardView.swift in Sources */,
				EED87DB329C666EF00EF98DF /* SegmentedPickerView.swift in Sources */,
				EED87DB529C666F500EF98DF /* TabHeaderView.swift in Sources */,
				EED87DBB29C6854C00EF98DF /* ChartCardView.swift in Sources */,
			);
			runOnlyForDeploymentPostprocessing = 0;
		};
		EE6816A129C54C3C0027160B /* Sources */ = {
			isa = PBXSourcesBuildPhase;
			buildActionMask = 2147483647;
			files = (
				EE6816BF29C641200027160B /* XCTestCase+Snapshot.swift in Sources */,
				EED87DD629C7B5CE00EF98DF /* CurrentProgressViewSnapshotTests.swift in Sources */,
				EED87DBE29C69D9700EF98DF /* ChartCardViewSnapshotTests.swift in Sources */,
				EED87DCC29C7B4EE00EF98DF /* CircularProgressViewSnapshotTests.swift in Sources */,
				EE6816BD29C641110027160B /* UIViewController+Snapshot.swift in Sources */,
				EED87DAA29C661F400EF98DF /* ActionButtonViewSnapshotTests.swift in Sources */,
				EE80229C29C64DEE0025437B /* TabHeaderViewSnapshotTests.swift in Sources */,
				EED87D9E29C65F1100EF98DF /* ProgressCardViewSnapshotTests.swift in Sources */,
				EE80229629C646FC0025437B /* SegmentedPickerViewSnapshotTests.swift in Sources */,
			);
			runOnlyForDeploymentPostprocessing = 0;
		};
		EEF4DB2F29C39B4700F57D6D /* Sources */ = {
			isa = PBXSourcesBuildPhase;
			buildActionMask = 2147483647;
			files = (
				EE5D827329C4FEEF0011CFA8 /* WeightLogStore.xcdatamodeld in Sources */,
				EEF4DB5629C3CEE600F57D6D /* LocalWeightLogLoader.swift in Sources */,
				EEF4DB5829C3CF5C00F57D6D /* WeightLogStore.swift in Sources */,
				EEF4DB4E29C39C2F00F57D6D /* WeightLogLoader.swift in Sources */,
				EE5D826A29C4FC0C0011CFA8 /* CoreDataWeightLogStore.swift in Sources */,
				EE5D826C29C4FC570011CFA8 /* CoreDataHelpers.swift in Sources */,
				EEF4DB4C29C39BBC00F57D6D /* WeightItem.swift in Sources */,
				EE5D827029C4FCCA0011CFA8 /* ManagedWeightItem.swift in Sources */,
				EE5D826E29C4FC8C0011CFA8 /* ManagedCache.swift in Sources */,
				EED87DB929C6832700EF98DF /* Date+Helpers.swift in Sources */,
			);
			runOnlyForDeploymentPostprocessing = 0;
		};
		EEF4DB3729C39B4800F57D6D /* Sources */ = {
			isa = PBXSourcesBuildPhase;
			buildActionMask = 2147483647;
			files = (
				EE5D825C29C4E24B0011CFA8 /* WeightLogStoreSpecs.swift in Sources */,
				EE5D826129C4EC1A0011CFA8 /* XCTestCase+FailableRetrieveWeightLogStoreSpecs.swift in Sources */,
				EE5D826529C4EE3D0011CFA8 /* XCTestCase+FailableDeleteWeightLogStoreSpecs.swift in Sources */,
				EE5D826829C4FB790011CFA8 /* CoreDataWeightLogStoreTests.swift in Sources */,
				EEF4DB5229C3AD5500F57D6D /* CacheWeightLogUseCaseTests.swift in Sources */,
				EE5D826329C4ECEC0011CFA8 /* XCTestCase+FailableSaveWeightLogStoreSpecs.swift in Sources */,
				EE5D827529C518F40011CFA8 /* WeightCacheIntegrationTests.swift in Sources */,
				EEF4DB5E29C3DBED00F57D6D /* TestHelpers.swift in Sources */,
				EE5D825F29C4E55E0011CFA8 /* XCTestCase+WeightLogStoreSpecs.swift in Sources */,
				EEF4DB5C29C3D8D200F57D6D /* WeightLogStoreSpy.swift in Sources */,
				EEF4DB5A29C3D80200F57D6D /* LoadLogFromCacheUseCaseTests.swift in Sources */,
				EEF4DB5429C3B0C300F57D6D /* XCTestCase+MemoryLeakTracking.swift in Sources */,
				EE5D825829C440A80011CFA8 /* DeleteFromCacheUseCaseTests.swift in Sources */,
			);
			runOnlyForDeploymentPostprocessing = 0;
		};
/* End PBXSourcesBuildPhase section */

/* Begin PBXTargetDependency section */
		EE6816A829C54C3C0027160B /* PBXTargetDependency */ = {
			isa = PBXTargetDependency;
			target = EE68169D29C54C3C0027160B /* WeightiOS */;
			targetProxy = EE6816A729C54C3C0027160B /* PBXContainerItemProxy */;
		};
		EEF4DB3E29C39B4800F57D6D /* PBXTargetDependency */ = {
			isa = PBXTargetDependency;
			target = EEF4DB3229C39B4700F57D6D /* Weight */;
			targetProxy = EEF4DB3D29C39B4800F57D6D /* PBXContainerItemProxy */;
		};
/* End PBXTargetDependency section */

/* Begin XCBuildConfiguration section */
		EE6816AD29C54C3C0027160B /* Debug */ = {
			isa = XCBuildConfiguration;
			buildSettings = {
				CODE_SIGN_STYLE = Automatic;
				CURRENT_PROJECT_VERSION = 1;
				DEFINES_MODULE = YES;
				DEVELOPMENT_TEAM = SJ7RP44M53;
				DYLIB_COMPATIBILITY_VERSION = 1;
				DYLIB_CURRENT_VERSION = 1;
				DYLIB_INSTALL_NAME_BASE = "@rpath";
				GENERATE_INFOPLIST_FILE = YES;
				INFOPLIST_KEY_NSHumanReadableCopyright = "";
				INSTALL_PATH = "$(LOCAL_LIBRARY_DIR)/Frameworks";
				IPHONEOS_DEPLOYMENT_TARGET = 16.2;
				LD_RUNPATH_SEARCH_PATHS = (
					"$(inherited)",
					"@executable_path/Frameworks",
					"@loader_path/Frameworks",
				);
				MACOSX_DEPLOYMENT_TARGET = 12.4;
				MARKETING_VERSION = 1.0;
				PRODUCT_BUNDLE_IDENTIFIER = com.johngers.WeightiOS;
				PRODUCT_NAME = "$(TARGET_NAME:c99extidentifier)";
				SDKROOT = iphoneos;
				SKIP_INSTALL = YES;
				SWIFT_EMIT_LOC_STRINGS = YES;
				SWIFT_VERSION = 5.0;
				TARGETED_DEVICE_FAMILY = "1,2";
			};
			name = Debug;
		};
		EE6816AE29C54C3C0027160B /* Release */ = {
			isa = XCBuildConfiguration;
			buildSettings = {
				CODE_SIGN_STYLE = Automatic;
				CURRENT_PROJECT_VERSION = 1;
				DEFINES_MODULE = YES;
				DEVELOPMENT_TEAM = SJ7RP44M53;
				DYLIB_COMPATIBILITY_VERSION = 1;
				DYLIB_CURRENT_VERSION = 1;
				DYLIB_INSTALL_NAME_BASE = "@rpath";
				GENERATE_INFOPLIST_FILE = YES;
				INFOPLIST_KEY_NSHumanReadableCopyright = "";
				INSTALL_PATH = "$(LOCAL_LIBRARY_DIR)/Frameworks";
				IPHONEOS_DEPLOYMENT_TARGET = 16.2;
				LD_RUNPATH_SEARCH_PATHS = (
					"$(inherited)",
					"@executable_path/Frameworks",
					"@loader_path/Frameworks",
				);
				MACOSX_DEPLOYMENT_TARGET = 12.4;
				MARKETING_VERSION = 1.0;
				PRODUCT_BUNDLE_IDENTIFIER = com.johngers.WeightiOS;
				PRODUCT_NAME = "$(TARGET_NAME:c99extidentifier)";
				SDKROOT = iphoneos;
				SKIP_INSTALL = YES;
				SWIFT_EMIT_LOC_STRINGS = YES;
				SWIFT_VERSION = 5.0;
				TARGETED_DEVICE_FAMILY = "1,2";
				VALIDATE_PRODUCT = YES;
			};
			name = Release;
		};
		EE6816AF29C54C3C0027160B /* Debug */ = {
			isa = XCBuildConfiguration;
			buildSettings = {
				ALWAYS_EMBED_SWIFT_STANDARD_LIBRARIES = YES;
				CODE_SIGN_STYLE = Automatic;
				CURRENT_PROJECT_VERSION = 1;
				DEVELOPMENT_TEAM = SJ7RP44M53;
				GENERATE_INFOPLIST_FILE = YES;
				IPHONEOS_DEPLOYMENT_TARGET = 16.2;
				MACOSX_DEPLOYMENT_TARGET = 12.4;
				MARKETING_VERSION = 1.0;
				PRODUCT_BUNDLE_IDENTIFIER = com.johngers.WeightiOSTests;
				PRODUCT_NAME = "$(TARGET_NAME)";
				SDKROOT = iphoneos;
				SWIFT_EMIT_LOC_STRINGS = NO;
				SWIFT_VERSION = 5.0;
				TARGETED_DEVICE_FAMILY = "1,2";
			};
			name = Debug;
		};
		EE6816B029C54C3C0027160B /* Release */ = {
			isa = XCBuildConfiguration;
			buildSettings = {
				ALWAYS_EMBED_SWIFT_STANDARD_LIBRARIES = YES;
				CODE_SIGN_STYLE = Automatic;
				CURRENT_PROJECT_VERSION = 1;
				DEVELOPMENT_TEAM = SJ7RP44M53;
				GENERATE_INFOPLIST_FILE = YES;
				IPHONEOS_DEPLOYMENT_TARGET = 16.2;
				MACOSX_DEPLOYMENT_TARGET = 12.4;
				MARKETING_VERSION = 1.0;
				PRODUCT_BUNDLE_IDENTIFIER = com.johngers.WeightiOSTests;
				PRODUCT_NAME = "$(TARGET_NAME)";
				SDKROOT = iphoneos;
				SWIFT_EMIT_LOC_STRINGS = NO;
				SWIFT_VERSION = 5.0;
				TARGETED_DEVICE_FAMILY = "1,2";
				VALIDATE_PRODUCT = YES;
			};
			name = Release;
		};
		EEF4DB4329C39B4800F57D6D /* Debug */ = {
			isa = XCBuildConfiguration;
			buildSettings = {
				ALWAYS_SEARCH_USER_PATHS = NO;
				CLANG_ANALYZER_NONNULL = YES;
				CLANG_ANALYZER_NUMBER_OBJECT_CONVERSION = YES_AGGRESSIVE;
				CLANG_CXX_LANGUAGE_STANDARD = "gnu++20";
				CLANG_ENABLE_MODULES = YES;
				CLANG_ENABLE_OBJC_ARC = YES;
				CLANG_ENABLE_OBJC_WEAK = YES;
				CLANG_WARN_BLOCK_CAPTURE_AUTORELEASING = YES;
				CLANG_WARN_BOOL_CONVERSION = YES;
				CLANG_WARN_COMMA = YES;
				CLANG_WARN_CONSTANT_CONVERSION = YES;
				CLANG_WARN_DEPRECATED_OBJC_IMPLEMENTATIONS = YES;
				CLANG_WARN_DIRECT_OBJC_ISA_USAGE = YES_ERROR;
				CLANG_WARN_DOCUMENTATION_COMMENTS = YES;
				CLANG_WARN_EMPTY_BODY = YES;
				CLANG_WARN_ENUM_CONVERSION = YES;
				CLANG_WARN_INFINITE_RECURSION = YES;
				CLANG_WARN_INT_CONVERSION = YES;
				CLANG_WARN_NON_LITERAL_NULL_CONVERSION = YES;
				CLANG_WARN_OBJC_IMPLICIT_RETAIN_SELF = YES;
				CLANG_WARN_OBJC_LITERAL_CONVERSION = YES;
				CLANG_WARN_OBJC_ROOT_CLASS = YES_ERROR;
				CLANG_WARN_QUOTED_INCLUDE_IN_FRAMEWORK_HEADER = YES;
				CLANG_WARN_RANGE_LOOP_ANALYSIS = YES;
				CLANG_WARN_STRICT_PROTOTYPES = YES;
				CLANG_WARN_SUSPICIOUS_MOVE = YES;
				CLANG_WARN_UNGUARDED_AVAILABILITY = YES_AGGRESSIVE;
				CLANG_WARN_UNREACHABLE_CODE = YES;
				CLANG_WARN__DUPLICATE_METHOD_MATCH = YES;
				COPY_PHASE_STRIP = NO;
				CURRENT_PROJECT_VERSION = 1;
				DEBUG_INFORMATION_FORMAT = dwarf;
				ENABLE_STRICT_OBJC_MSGSEND = YES;
				ENABLE_TESTABILITY = YES;
				GCC_C_LANGUAGE_STANDARD = gnu11;
				GCC_DYNAMIC_NO_PIC = NO;
				GCC_NO_COMMON_BLOCKS = YES;
				GCC_OPTIMIZATION_LEVEL = 0;
				GCC_PREPROCESSOR_DEFINITIONS = (
					"DEBUG=1",
					"$(inherited)",
				);
				GCC_WARN_64_TO_32_BIT_CONVERSION = YES;
				GCC_WARN_ABOUT_RETURN_TYPE = YES_ERROR;
				GCC_WARN_UNDECLARED_SELECTOR = YES;
				GCC_WARN_UNINITIALIZED_AUTOS = YES_AGGRESSIVE;
				GCC_WARN_UNUSED_FUNCTION = YES;
				GCC_WARN_UNUSED_VARIABLE = YES;
				MTL_ENABLE_DEBUG_INFO = INCLUDE_SOURCE;
				MTL_FAST_MATH = YES;
				ONLY_ACTIVE_ARCH = YES;
				SWIFT_ACTIVE_COMPILATION_CONDITIONS = DEBUG;
				SWIFT_OPTIMIZATION_LEVEL = "-Onone";
				VERSIONING_SYSTEM = "apple-generic";
				VERSION_INFO_PREFIX = "";
			};
			name = Debug;
		};
		EEF4DB4429C39B4800F57D6D /* Release */ = {
			isa = XCBuildConfiguration;
			buildSettings = {
				ALWAYS_SEARCH_USER_PATHS = NO;
				CLANG_ANALYZER_NONNULL = YES;
				CLANG_ANALYZER_NUMBER_OBJECT_CONVERSION = YES_AGGRESSIVE;
				CLANG_CXX_LANGUAGE_STANDARD = "gnu++20";
				CLANG_ENABLE_MODULES = YES;
				CLANG_ENABLE_OBJC_ARC = YES;
				CLANG_ENABLE_OBJC_WEAK = YES;
				CLANG_WARN_BLOCK_CAPTURE_AUTORELEASING = YES;
				CLANG_WARN_BOOL_CONVERSION = YES;
				CLANG_WARN_COMMA = YES;
				CLANG_WARN_CONSTANT_CONVERSION = YES;
				CLANG_WARN_DEPRECATED_OBJC_IMPLEMENTATIONS = YES;
				CLANG_WARN_DIRECT_OBJC_ISA_USAGE = YES_ERROR;
				CLANG_WARN_DOCUMENTATION_COMMENTS = YES;
				CLANG_WARN_EMPTY_BODY = YES;
				CLANG_WARN_ENUM_CONVERSION = YES;
				CLANG_WARN_INFINITE_RECURSION = YES;
				CLANG_WARN_INT_CONVERSION = YES;
				CLANG_WARN_NON_LITERAL_NULL_CONVERSION = YES;
				CLANG_WARN_OBJC_IMPLICIT_RETAIN_SELF = YES;
				CLANG_WARN_OBJC_LITERAL_CONVERSION = YES;
				CLANG_WARN_OBJC_ROOT_CLASS = YES_ERROR;
				CLANG_WARN_QUOTED_INCLUDE_IN_FRAMEWORK_HEADER = YES;
				CLANG_WARN_RANGE_LOOP_ANALYSIS = YES;
				CLANG_WARN_STRICT_PROTOTYPES = YES;
				CLANG_WARN_SUSPICIOUS_MOVE = YES;
				CLANG_WARN_UNGUARDED_AVAILABILITY = YES_AGGRESSIVE;
				CLANG_WARN_UNREACHABLE_CODE = YES;
				CLANG_WARN__DUPLICATE_METHOD_MATCH = YES;
				COPY_PHASE_STRIP = NO;
				CURRENT_PROJECT_VERSION = 1;
				DEBUG_INFORMATION_FORMAT = "dwarf-with-dsym";
				ENABLE_NS_ASSERTIONS = NO;
				ENABLE_STRICT_OBJC_MSGSEND = YES;
				GCC_C_LANGUAGE_STANDARD = gnu11;
				GCC_NO_COMMON_BLOCKS = YES;
				GCC_WARN_64_TO_32_BIT_CONVERSION = YES;
				GCC_WARN_ABOUT_RETURN_TYPE = YES_ERROR;
				GCC_WARN_UNDECLARED_SELECTOR = YES;
				GCC_WARN_UNINITIALIZED_AUTOS = YES_AGGRESSIVE;
				GCC_WARN_UNUSED_FUNCTION = YES;
				GCC_WARN_UNUSED_VARIABLE = YES;
				MTL_ENABLE_DEBUG_INFO = NO;
				MTL_FAST_MATH = YES;
				SWIFT_COMPILATION_MODE = wholemodule;
				SWIFT_OPTIMIZATION_LEVEL = "-O";
				VERSIONING_SYSTEM = "apple-generic";
				VERSION_INFO_PREFIX = "";
			};
			name = Release;
		};
		EEF4DB4629C39B4800F57D6D /* Debug */ = {
			isa = XCBuildConfiguration;
			buildSettings = {
				CLANG_ENABLE_MODULES = YES;
				CODE_SIGN_STYLE = Automatic;
				CURRENT_PROJECT_VERSION = 1;
				DEFINES_MODULE = YES;
				DEVELOPMENT_TEAM = SJ7RP44M53;
				DYLIB_COMPATIBILITY_VERSION = 1;
				DYLIB_CURRENT_VERSION = 1;
				DYLIB_INSTALL_NAME_BASE = "@rpath";
				GENERATE_INFOPLIST_FILE = YES;
				INFOPLIST_KEY_NSHumanReadableCopyright = "";
				INSTALL_PATH = "$(LOCAL_LIBRARY_DIR)/Frameworks";
				IPHONEOS_DEPLOYMENT_TARGET = 16.2;
				LD_RUNPATH_SEARCH_PATHS = (
					"@executable_path/Frameworks",
					"@loader_path/Frameworks",
				);
				"LD_RUNPATH_SEARCH_PATHS[sdk=macosx*]" = (
					"@executable_path/../Frameworks",
					"@loader_path/Frameworks",
				);
				MACOSX_DEPLOYMENT_TARGET = 12.4;
				MARKETING_VERSION = 1.0;
				PRODUCT_BUNDLE_IDENTIFIER = com.johngers.Weight;
				PRODUCT_NAME = "$(TARGET_NAME:c99extidentifier)";
				SDKROOT = auto;
				SKIP_INSTALL = YES;
				SUPPORTED_PLATFORMS = "iphoneos iphonesimulator macosx";
				SWIFT_EMIT_LOC_STRINGS = YES;
				SWIFT_OPTIMIZATION_LEVEL = "-Onone";
				SWIFT_VERSION = 5.0;
				TARGETED_DEVICE_FAMILY = "1,2";
			};
			name = Debug;
		};
		EEF4DB4729C39B4800F57D6D /* Release */ = {
			isa = XCBuildConfiguration;
			buildSettings = {
				CLANG_ENABLE_MODULES = YES;
				CODE_SIGN_STYLE = Automatic;
				CURRENT_PROJECT_VERSION = 1;
				DEFINES_MODULE = YES;
				DEVELOPMENT_TEAM = SJ7RP44M53;
				DYLIB_COMPATIBILITY_VERSION = 1;
				DYLIB_CURRENT_VERSION = 1;
				DYLIB_INSTALL_NAME_BASE = "@rpath";
				GENERATE_INFOPLIST_FILE = YES;
				INFOPLIST_KEY_NSHumanReadableCopyright = "";
				INSTALL_PATH = "$(LOCAL_LIBRARY_DIR)/Frameworks";
				IPHONEOS_DEPLOYMENT_TARGET = 16.2;
				LD_RUNPATH_SEARCH_PATHS = (
					"@executable_path/Frameworks",
					"@loader_path/Frameworks",
				);
				"LD_RUNPATH_SEARCH_PATHS[sdk=macosx*]" = (
					"@executable_path/../Frameworks",
					"@loader_path/Frameworks",
				);
				MACOSX_DEPLOYMENT_TARGET = 12.4;
				MARKETING_VERSION = 1.0;
				PRODUCT_BUNDLE_IDENTIFIER = com.johngers.Weight;
				PRODUCT_NAME = "$(TARGET_NAME:c99extidentifier)";
				SDKROOT = auto;
				SKIP_INSTALL = YES;
				SUPPORTED_PLATFORMS = "iphoneos iphonesimulator macosx";
				SWIFT_EMIT_LOC_STRINGS = YES;
				SWIFT_VERSION = 5.0;
				TARGETED_DEVICE_FAMILY = "1,2";
			};
			name = Release;
		};
		EEF4DB4929C39B4800F57D6D /* Debug */ = {
			isa = XCBuildConfiguration;
			buildSettings = {
				ALWAYS_EMBED_SWIFT_STANDARD_LIBRARIES = YES;
				CODE_SIGN_STYLE = Automatic;
				CURRENT_PROJECT_VERSION = 1;
				DEVELOPMENT_TEAM = SJ7RP44M53;
				GENERATE_INFOPLIST_FILE = YES;
				IPHONEOS_DEPLOYMENT_TARGET = 16.2;
				MACOSX_DEPLOYMENT_TARGET = 12.4;
				MARKETING_VERSION = 1.0;
				PRODUCT_BUNDLE_IDENTIFIER = com.johngers.WeightTests;
				PRODUCT_NAME = "$(TARGET_NAME)";
				SDKROOT = auto;
				SUPPORTED_PLATFORMS = "iphoneos iphonesimulator macosx";
				SWIFT_EMIT_LOC_STRINGS = NO;
				SWIFT_VERSION = 5.0;
				TARGETED_DEVICE_FAMILY = "1,2";
			};
			name = Debug;
		};
		EEF4DB4A29C39B4800F57D6D /* Release */ = {
			isa = XCBuildConfiguration;
			buildSettings = {
				ALWAYS_EMBED_SWIFT_STANDARD_LIBRARIES = YES;
				CODE_SIGN_STYLE = Automatic;
				CURRENT_PROJECT_VERSION = 1;
				DEVELOPMENT_TEAM = SJ7RP44M53;
				GENERATE_INFOPLIST_FILE = YES;
				IPHONEOS_DEPLOYMENT_TARGET = 16.2;
				MACOSX_DEPLOYMENT_TARGET = 12.4;
				MARKETING_VERSION = 1.0;
				PRODUCT_BUNDLE_IDENTIFIER = com.johngers.WeightTests;
				PRODUCT_NAME = "$(TARGET_NAME)";
				SDKROOT = auto;
				SUPPORTED_PLATFORMS = "iphoneos iphonesimulator macosx";
				SWIFT_EMIT_LOC_STRINGS = NO;
				SWIFT_VERSION = 5.0;
				TARGETED_DEVICE_FAMILY = "1,2";
			};
			name = Release;
		};
/* End XCBuildConfiguration section */

/* Begin XCConfigurationList section */
		EE6816B129C54C3C0027160B /* Build configuration list for PBXNativeTarget "WeightiOS" */ = {
			isa = XCConfigurationList;
			buildConfigurations = (
				EE6816AD29C54C3C0027160B /* Debug */,
				EE6816AE29C54C3C0027160B /* Release */,
			);
			defaultConfigurationIsVisible = 0;
			defaultConfigurationName = Release;
		};
		EE6816B229C54C3C0027160B /* Build configuration list for PBXNativeTarget "WeightiOSTests" */ = {
			isa = XCConfigurationList;
			buildConfigurations = (
				EE6816AF29C54C3C0027160B /* Debug */,
				EE6816B029C54C3C0027160B /* Release */,
			);
			defaultConfigurationIsVisible = 0;
			defaultConfigurationName = Release;
		};
		EEF4DB2D29C39B4700F57D6D /* Build configuration list for PBXProject "Weight" */ = {
			isa = XCConfigurationList;
			buildConfigurations = (
				EEF4DB4329C39B4800F57D6D /* Debug */,
				EEF4DB4429C39B4800F57D6D /* Release */,
			);
			defaultConfigurationIsVisible = 0;
			defaultConfigurationName = Release;
		};
		EEF4DB4529C39B4800F57D6D /* Build configuration list for PBXNativeTarget "Weight" */ = {
			isa = XCConfigurationList;
			buildConfigurations = (
				EEF4DB4629C39B4800F57D6D /* Debug */,
				EEF4DB4729C39B4800F57D6D /* Release */,
			);
			defaultConfigurationIsVisible = 0;
			defaultConfigurationName = Release;
		};
		EEF4DB4829C39B4800F57D6D /* Build configuration list for PBXNativeTarget "WeightTests" */ = {
			isa = XCConfigurationList;
			buildConfigurations = (
				EEF4DB4929C39B4800F57D6D /* Debug */,
				EEF4DB4A29C39B4800F57D6D /* Release */,
			);
			defaultConfigurationIsVisible = 0;
			defaultConfigurationName = Release;
		};
/* End XCConfigurationList section */

/* Begin XCVersionGroup section */
		EE5D827129C4FEEF0011CFA8 /* WeightLogStore.xcdatamodeld */ = {
			isa = XCVersionGroup;
			children = (
				EE5D827229C4FEEF0011CFA8 /* WeightLogStore.xcdatamodel */,
			);
			currentVersion = EE5D827229C4FEEF0011CFA8 /* WeightLogStore.xcdatamodel */;
			path = WeightLogStore.xcdatamodeld;
			sourceTree = "<group>";
			versionGroupType = wrapper.xcdatamodel;
		};
/* End XCVersionGroup section */
	};
	rootObject = EEF4DB2A29C39B4700F57D6D /* Project object */;
}
